
Microsoft Visual Studio Solution File, Format Version 12.00
# Visual Studio Version 17
VisualStudioVersion = 17.13.35818.85 d17.13
MinimumVisualStudioVersion = 10.0.40219.1
Project("{FAE04EC0-301F-11D3-BF4B-00C04F79EFBC}") = "EnumExcerise", "EnumExcerise\EnumExcerise.csproj", "{C7AEFECE-216F-4C8B-86BA-4AAF222B4C76}"
EndProject
Global
	GlobalSection(SolutionConfigurationPlatforms) = preSolution
		Debug|Any CPU = Debug|Any CPU
		Release|Any CPU = Release|Any CPU
	EndGlobalSection
	GlobalSection(ProjectConfigurationPlatforms) = postSolution
		{C7AEFECE-216F-4C8B-86BA-4AAF222B4C76}.Debug|Any CPU.ActiveCfg = Debug|Any CPU
		{C7AEFECE-216F-4C8B-86BA-4AAF222B4C76}.Debug|Any CPU.Build.0 = Debug|Any CPU
		{C7AEFECE-216F-4C8B-86BA-4AAF222B4C76}.Release|Any CPU.ActiveCfg = Release|Any CPU
		{C7AEFECE-216F-4C8B-86BA-4AAF222B4C76}.Release|Any CPU.Build.0 = Release|Any CPU
	EndGlobalSection
	GlobalSection(SolutionProperties) = preSolution
		HideSolutionNode = FALSE
	EndGlobalSection
	GlobalSection(ExtensibilityGlobals) = postSolution
		SolutionGuid = {B8950495-A6C8-4F60-BBD2-4783141D4862}
	EndGlobalSection
EndGlobal
